github.com/rkumar-bengaluru/go/golog v0.0.0-20220604074608-f08ccbdeb501 h1:gopLR9OiU5qnCZeWf1cJVYyMcJQOQ3NNvCQ4aqo5yng=
github.com/rkumar-bengaluru/go/golog v0.0.0-20220604074608-f08ccbdeb501/go.mod h1:7niBNwyQfSSxhX0jOsvHMVD2av+EPB626cH6KwziqV4=
github.com/rkumar-bengaluru/go/gologconsumer v0.0.0-20220604074608-f08ccbdeb501 h1:yGufoJlkgzWCRRPHjsqj3C+HqEZrQa9VKVB200qmpuw=
github.com/rkumar-bengaluru/go/gologconsumer v0.0.0-20220604074608-f08ccbdeb501/go.mod h1:kbpN4tRFgnL+guG7vdsH4u3wEDfHZFypBlBBxfyOaSk=
